
Microsoft Visual Studio Solution File, Format Version 12.00
# Visual Studio Version 17
VisualStudioVersion = 17.0.31808.319
MinimumVisualStudioVersion = 10.0.40219.1
Project("{2150E333-8FDC-42A3-9474-1A3956D46DE8}") = "src", "src", "{04BE63CC-D739-4382-8854-4CE57E7C0D7B}"
EndProject
Project("{2150E333-8FDC-42A3-9474-1A3956D46DE8}") = "test", "test", "{84E2FB55-1626-4389-9A45-DFA2046BDEAB}"
EndProject
Project("{2150E333-8FDC-42A3-9474-1A3956D46DE8}") = "Api", "Api", "{90BCCBC6-8C6C-4507-AC1D-CB969FD0CFFA}"
EndProject
Project("{2150E333-8FDC-42A3-9474-1A3956D46DE8}") = "Core", "Core", "{43577108-C57B-4EE8-8714-FBC157702583}"
EndProject
Project("{2150E333-8FDC-42A3-9474-1A3956D46DE8}") = "Infraestructure", "Infraestructure", "{2E2E2E43-F1F9-40A4-A29C-9259ACEA9D5F}"
EndProject
Project("{2150E333-8FDC-42A3-9474-1A3956D46DE8}") = "UI", "UI", "{953615E0-0C9B-41D5-80A2-C71E9CAD35A4}"
EndProject
Project("{9A19103F-16F7-4668-BE54-9A1E7A4F7556}") = "MG.LeaveManagement.Domain", "MG.LeaveManagement.Domain\MG.LeaveManagement.Domain.csproj", "{4E25D837-9318-426F-8436-66C88C61507B}"
EndProject
Project("{9A19103F-16F7-4668-BE54-9A1E7A4F7556}") = "MG.LeaveManagement.Application", "MG.LeaveManagement.Application\MG.LeaveManagement.Application.csproj", "{4B562A4F-3CFA-4EA4-BC93-E86C79674F40}"
EndProject
Project("{9A19103F-16F7-4668-BE54-9A1E7A4F7556}") = "MG.LeaveManagement.Infraestructure", "MG.LeaveManagement.Infraestructure\MG.LeaveManagement.Infraestructure.csproj", "{5DA775C7-BC17-4C09-8C9A-9D54FD8534B4}"
EndProject
Project("{9A19103F-16F7-4668-BE54-9A1E7A4F7556}") = "MG.LeaveManagement.Persistence", "MG.LeaveManagement.Persistence\MG.LeaveManagement.Persistence.csproj", "{56A78B46-EF52-4F31-919A-207398D09FCD}"
EndProject
Project("{9A19103F-16F7-4668-BE54-9A1E7A4F7556}") = "MG.LeaveManagement.Api", "MG.LeaveManagement.Api\MG.LeaveManagement.Api.csproj", "{D11CF9E7-BB40-4FF9-BA2B-DF7748451BE4}"
EndProject
Project("{9A19103F-16F7-4668-BE54-9A1E7A4F7556}") = "MG.LeaveManagement.Application.UnitTest", "MG.LeaveManagement.Application.UnitTest\MG.LeaveManagement.Application.UnitTest.csproj", "{EA7EAACA-B3C4-472B-B389-BAF4B1ED8763}"
EndProject
Project("{9A19103F-16F7-4668-BE54-9A1E7A4F7556}") = "MG.LeaveManagement.MVC", "MG.LeaveManagement.MVC\MG.LeaveManagement.MVC.csproj", "{5A6E6A99-C10E-4347-888C-C9D3F30945B5}"
EndProject
Project("{FAE04EC0-301F-11D3-BF4B-00C04F79EFBC}") = "MG.LeaveManagement.Identity", "MG.LeaveManagement.Identity\MG.LeaveManagement.Identity.csproj", "{A9ED2F89-B7FF-4E8D-89A9-DCE5BBBE81AF}"
EndProject
Global
	GlobalSection(SolutionConfigurationPlatforms) = preSolution
		Debug|Any CPU = Debug|Any CPU
		Release|Any CPU = Release|Any CPU
	EndGlobalSection
	GlobalSection(ProjectConfigurationPlatforms) = postSolution
		{4E25D837-9318-426F-8436-66C88C61507B}.Debug|Any CPU.ActiveCfg = Debug|Any CPU
		{4E25D837-9318-426F-8436-66C88C61507B}.Debug|Any CPU.Build.0 = Debug|Any CPU
		{4E25D837-9318-426F-8436-66C88C61507B}.Release|Any CPU.ActiveCfg = Release|Any CPU
		{4E25D837-9318-426F-8436-66C88C61507B}.Release|Any CPU.Build.0 = Release|Any CPU
		{4B562A4F-3CFA-4EA4-BC93-E86C79674F40}.Debug|Any CPU.ActiveCfg = Debug|Any CPU
		{4B562A4F-3CFA-4EA4-BC93-E86C79674F40}.Debug|Any CPU.Build.0 = Debug|Any CPU
		{4B562A4F-3CFA-4EA4-BC93-E86C79674F40}.Release|Any CPU.ActiveCfg = Release|Any CPU
		{4B562A4F-3CFA-4EA4-BC93-E86C79674F40}.Release|Any CPU.Build.0 = Release|Any CPU
		{5DA775C7-BC17-4C09-8C9A-9D54FD8534B4}.Debug|Any CPU.ActiveCfg = Debug|Any CPU
		{5DA775C7-BC17-4C09-8C9A-9D54FD8534B4}.Debug|Any CPU.Build.0 = Debug|Any CPU
		{5DA775C7-BC17-4C09-8C9A-9D54FD8534B4}.Release|Any CPU.ActiveCfg = Release|Any CPU
		{5DA775C7-BC17-4C09-8C9A-9D54FD8534B4}.Release|Any CPU.Build.0 = Release|Any CPU
		{56A78B46-EF52-4F31-919A-207398D09FCD}.Debug|Any CPU.ActiveCfg = Debug|Any CPU
		{56A78B46-EF52-4F31-919A-207398D09FCD}.Debug|Any CPU.Build.0 = Debug|Any CPU
		{56A78B46-EF52-4F31-919A-207398D09FCD}.Release|Any CPU.ActiveCfg = Release|Any CPU
		{56A78B46-EF52-4F31-919A-207398D09FCD}.Release|Any CPU.Build.0 = Release|Any CPU
		{D11CF9E7-BB40-4FF9-BA2B-DF7748451BE4}.Debug|Any CPU.ActiveCfg = Debug|Any CPU
		{D11CF9E7-BB40-4FF9-BA2B-DF7748451BE4}.Debug|Any CPU.Build.0 = Debug|Any CPU
		{D11CF9E7-BB40-4FF9-BA2B-DF7748451BE4}.Release|Any CPU.ActiveCfg = Release|Any CPU
		{D11CF9E7-BB40-4FF9-BA2B-DF7748451BE4}.Release|Any CPU.Build.0 = Release|Any CPU
		{EA7EAACA-B3C4-472B-B389-BAF4B1ED8763}.Debug|Any CPU.ActiveCfg = Debug|Any CPU
		{EA7EAACA-B3C4-472B-B389-BAF4B1ED8763}.Debug|Any CPU.Build.0 = Debug|Any CPU
		{EA7EAACA-B3C4-472B-B389-BAF4B1ED8763}.Release|Any CPU.ActiveCfg = Release|Any CPU
		{EA7EAACA-B3C4-472B-B389-BAF4B1ED8763}.Release|Any CPU.Build.0 = Release|Any CPU
		{5A6E6A99-C10E-4347-888C-C9D3F30945B5}.Debug|Any CPU.ActiveCfg = Debug|Any CPU
		{5A6E6A99-C10E-4347-888C-C9D3F30945B5}.Debug|Any CPU.Build.0 = Debug|Any CPU
		{5A6E6A99-C10E-4347-888C-C9D3F30945B5}.Release|Any CPU.ActiveCfg = Release|Any CPU
		{5A6E6A99-C10E-4347-888C-C9D3F30945B5}.Release|Any CPU.Build.0 = Release|Any CPU
		{A9ED2F89-B7FF-4E8D-89A9-DCE5BBBE81AF}.Debug|Any CPU.ActiveCfg = Debug|Any CPU
		{A9ED2F89-B7FF-4E8D-89A9-DCE5BBBE81AF}.Debug|Any CPU.Build.0 = Debug|Any CPU
		{A9ED2F89-B7FF-4E8D-89A9-DCE5BBBE81AF}.Release|Any CPU.ActiveCfg = Release|Any CPU
		{A9ED2F89-B7FF-4E8D-89A9-DCE5BBBE81AF}.Release|Any CPU.Build.0 = Release|Any CPU
	EndGlobalSection
	GlobalSection(SolutionProperties) = preSolution
		HideSolutionNode = FALSE
	EndGlobalSection
	GlobalSection(NestedProjects) = preSolution
		{90BCCBC6-8C6C-4507-AC1D-CB969FD0CFFA} = {04BE63CC-D739-4382-8854-4CE57E7C0D7B}
		{43577108-C57B-4EE8-8714-FBC157702583} = {04BE63CC-D739-4382-8854-4CE57E7C0D7B}
		{2E2E2E43-F1F9-40A4-A29C-9259ACEA9D5F} = {04BE63CC-D739-4382-8854-4CE57E7C0D7B}
		{953615E0-0C9B-41D5-80A2-C71E9CAD35A4} = {04BE63CC-D739-4382-8854-4CE57E7C0D7B}
		{4E25D837-9318-426F-8436-66C88C61507B} = {43577108-C57B-4EE8-8714-FBC157702583}
		{4B562A4F-3CFA-4EA4-BC93-E86C79674F40} = {43577108-C57B-4EE8-8714-FBC157702583}
		{5DA775C7-BC17-4C09-8C9A-9D54FD8534B4} = {2E2E2E43-F1F9-40A4-A29C-9259ACEA9D5F}
		{56A78B46-EF52-4F31-919A-207398D09FCD} = {2E2E2E43-F1F9-40A4-A29C-9259ACEA9D5F}
		{D11CF9E7-BB40-4FF9-BA2B-DF7748451BE4} = {90BCCBC6-8C6C-4507-AC1D-CB969FD0CFFA}
		{EA7EAACA-B3C4-472B-B389-BAF4B1ED8763} = {84E2FB55-1626-4389-9A45-DFA2046BDEAB}
		{5A6E6A99-C10E-4347-888C-C9D3F30945B5} = {953615E0-0C9B-41D5-80A2-C71E9CAD35A4}
		{A9ED2F89-B7FF-4E8D-89A9-DCE5BBBE81AF} = {2E2E2E43-F1F9-40A4-A29C-9259ACEA9D5F}
	EndGlobalSection
	GlobalSection(ExtensibilityGlobals) = postSolution
		SolutionGuid = {61B4E97B-DD5F-4E2C-A353-3E9F242F0252}
	EndGlobalSection
EndGlobal
